// !$*UTF8*$!
{
	archiveVersion = 1;
	classes = {
	};
	objectVersion = 48;
	objects = {

/* Begin PBXBuildFile section */
		24AF3B181F0A917C0098152A /* todoTests.swift in Sources */ = {isa = PBXBuildFile; fileRef = 24AF3B171F0A917C0098152A /* todoTests.swift */; };
		24AF3B231F0A917C0098152A /* todoUITests.swift in Sources */ = {isa = PBXBuildFile; fileRef = 24AF3B221F0A917C0098152A /* todoUITests.swift */; };
		24AF3B3E1F0A93950098152A /* AppDelegate.swift in Sources */ = {isa = PBXBuildFile; fileRef = 24AF3B321F0A93680098152A /* AppDelegate.swift */; };
		24AF3B401F0A93CD0098152A /* TDNavigationController.swift in Sources */ = {isa = PBXBuildFile; fileRef = 24AF3B3F1F0A93CD0098152A /* TDNavigationController.swift */; };
		24AF3B421F0A93E50098152A /* TDBaseViewController.swift in Sources */ = {isa = PBXBuildFile; fileRef = 24AF3B411F0A93E50098152A /* TDBaseViewController.swift */; };
		BDCFDC371F0B99DB006706A8 /* LaunchScreen.storyboard in Resources */ = {isa = PBXBuildFile; fileRef = 24AF3B391F0A93680098152A /* LaunchScreen.storyboard */; };
		BDCFDC3A1F0B9A1D006706A8 /* test.png in Resources */ = {isa = PBXBuildFile; fileRef = BDCFDC391F0B9A1D006706A8 /* test.png */; };
/* End PBXBuildFile section */

/* Begin PBXContainerItemProxy section */
		24AF3B141F0A917C0098152A /* PBXContainerItemProxy */ = {
			isa = PBXContainerItemProxy;
			containerPortal = 24AF3AF71F0A917C0098152A /* Project object */;
			proxyType = 1;
			remoteGlobalIDString = 24AF3AFE1F0A917C0098152A;
			remoteInfo = todo;
		};
		24AF3B1F1F0A917C0098152A /* PBXContainerItemProxy */ = {
			isa = PBXContainerItemProxy;
			containerPortal = 24AF3AF71F0A917C0098152A /* Project object */;
			proxyType = 1;
			remoteGlobalIDString = 24AF3AFE1F0A917C0098152A;
			remoteInfo = todo;
		};
/* End PBXContainerItemProxy section */

/* Begin PBXFileReference section */
		24AF3AFF1F0A917C0098152A /* todo.app */ = {isa = PBXFileReference; explicitFileType = wrapper.application; includeInIndex = 0; path = todo.app; sourceTree = BUILT_PRODUCTS_DIR; };
		24AF3B131F0A917C0098152A /* todoTests.xctest */ = {isa = PBXFileReference; explicitFileType = wrapper.cfbundle; includeInIndex = 0; path = todoTests.xctest; sourceTree = BUILT_PRODUCTS_DIR; };
		24AF3B171F0A917C0098152A /* todoTests.swift */ = {isa = PBXFileReference; lastKnownFileType = sourcecode.swift; path = todoTests.swift; sourceTree = "<group>"; };
		24AF3B191F0A917C0098152A /* Info.plist */ = {isa = PBXFileReference; lastKnownFileType = text.plist.xml; path = Info.plist; sourceTree = "<group>"; };
		24AF3B1E1F0A917C0098152A /* todoUITests.xctest */ = {isa = PBXFileReference; explicitFileType = wrapper.cfbundle; includeInIndex = 0; path = todoUITests.xctest; sourceTree = BUILT_PRODUCTS_DIR; };
		24AF3B221F0A917C0098152A /* todoUITests.swift */ = {isa = PBXFileReference; lastKnownFileType = sourcecode.swift; path = todoUITests.swift; sourceTree = "<group>"; };
		24AF3B241F0A917C0098152A /* Info.plist */ = {isa = PBXFileReference; lastKnownFileType = text.plist.xml; path = Info.plist; sourceTree = "<group>"; };
		24AF3B321F0A93680098152A /* AppDelegate.swift */ = {isa = PBXFileReference; lastKnownFileType = sourcecode.swift; path = AppDelegate.swift; sourceTree = "<group>"; };
		24AF3B381F0A93680098152A /* Assets.xcassets */ = {isa = PBXFileReference; lastKnownFileType = folder.assetcatalog; path = Assets.xcassets; sourceTree = "<group>"; };
		24AF3B3A1F0A93680098152A /* Base */ = {isa = PBXFileReference; lastKnownFileType = file.storyboard; name = Base; path = Base.lproj/LaunchScreen.storyboard; sourceTree = "<group>"; };
		24AF3B3D1F0A93680098152A /* Info.plist */ = {isa = PBXFileReference; lastKnownFileType = text.plist.xml; path = Info.plist; sourceTree = "<group>"; };
		24AF3B3F1F0A93CD0098152A /* TDNavigationController.swift */ = {isa = PBXFileReference; lastKnownFileType = sourcecode.swift; path = TDNavigationController.swift; sourceTree = "<group>"; };
		24AF3B411F0A93E50098152A /* TDBaseViewController.swift */ = {isa = PBXFileReference; lastKnownFileType = sourcecode.swift; path = TDBaseViewController.swift; sourceTree = "<group>"; };
		BDCFDC391F0B9A1D006706A8 /* test.png */ = {isa = PBXFileReference; lastKnownFileType = image.png; path = test.png; sourceTree = "<group>"; };
/* End PBXFileReference section */

/* Begin PBXFrameworksBuildPhase section */
		24AF3AFC1F0A917C0098152A /* Frameworks */ = {
			isa = PBXFrameworksBuildPhase;
			buildActionMask = 2147483647;
			files = (
			);
			runOnlyForDeploymentPostprocessing = 0;
		};
		24AF3B101F0A917C0098152A /* Frameworks */ = {
			isa = PBXFrameworksBuildPhase;
			buildActionMask = 2147483647;
			files = (
			);
			runOnlyForDeploymentPostprocessing = 0;
		};
		24AF3B1B1F0A917C0098152A /* Frameworks */ = {
			isa = PBXFrameworksBuildPhase;
			buildActionMask = 2147483647;
			files = (
			);
			runOnlyForDeploymentPostprocessing = 0;
		};
/* End PBXFrameworksBuildPhase section */

/* Begin PBXGroup section */
		24AF3AF61F0A917C0098152A = {
			isa = PBXGroup;
			children = (
				24AF3B011F0A917C0098152A /* todo */,
				24AF3B161F0A917C0098152A /* todoTests */,
				24AF3B211F0A917C0098152A /* todoUITests */,
				24AF3B001F0A917C0098152A /* Products */,
			);
			sourceTree = "<group>";
		};
		24AF3B001F0A917C0098152A /* Products */ = {
			isa = PBXGroup;
			children = (
				24AF3AFF1F0A917C0098152A /* todo.app */,
				24AF3B131F0A917C0098152A /* todoTests.xctest */,
				24AF3B1E1F0A917C0098152A /* todoUITests.xctest */,
			);
			name = Products;
			sourceTree = "<group>";
		};
		24AF3B011F0A917C0098152A /* todo */ = {
			isa = PBXGroup;
			children = (
				24AF3B301F0A93680098152A /* Classes */,
				24AF3B371F0A93680098152A /* Resources */,
			);
			path = todo;
			sourceTree = "<group>";
		};
		24AF3B161F0A917C0098152A /* todoTests */ = {
			isa = PBXGroup;
			children = (
				24AF3B171F0A917C0098152A /* todoTests.swift */,
				24AF3B191F0A917C0098152A /* Info.plist */,
			);
			path = todoTests;
			sourceTree = "<group>";
		};
		24AF3B211F0A917C0098152A /* todoUITests */ = {
			isa = PBXGroup;
			children = (
				24AF3B221F0A917C0098152A /* todoUITests.swift */,
				24AF3B241F0A917C0098152A /* Info.plist */,
			);
			path = todoUITests;
			sourceTree = "<group>";
		};
		24AF3B301F0A93680098152A /* Classes */ = {
			isa = PBXGroup;
			children = (
				24AF3B311F0A93680098152A /* AppDelegate */,
				24AF3B331F0A93680098152A /* Base */,
				24AF3B351F0A93680098152A /* Common */,
				24AF3B361F0A93680098152A /* Main */,
			);
			path = Classes;
			sourceTree = "<group>";
		};
		24AF3B311F0A93680098152A /* AppDelegate */ = {
			isa = PBXGroup;
			children = (
				24AF3B321F0A93680098152A /* AppDelegate.swift */,
			);
			path = AppDelegate;
			sourceTree = "<group>";
		};
		24AF3B331F0A93680098152A /* Base */ = {
			isa = PBXGroup;
			children = (
				24AF3B341F0A93680098152A /* Controller */,
			);
			path = Base;
			sourceTree = "<group>";
		};
		24AF3B341F0A93680098152A /* Controller */ = {
			isa = PBXGroup;
			children = (
				24AF3B3F1F0A93CD0098152A /* TDNavigationController.swift */,
				24AF3B411F0A93E50098152A /* TDBaseViewController.swift */,
			);
			path = Controller;
			sourceTree = "<group>";
		};
		24AF3B351F0A93680098152A /* Common */ = {
			isa = PBXGroup;
			children = (
			);
			path = Common;
			sourceTree = "<group>";
		};
		24AF3B361F0A93680098152A /* Main */ = {
			isa = PBXGroup;
			children = (
			);
			path = Main;
			sourceTree = "<group>";
		};
		24AF3B371F0A93680098152A /* Resources */ = {
			isa = PBXGroup;
			children = (
				BDCFDC391F0B9A1D006706A8 /* test.png */,
				24AF3B381F0A93680098152A /* Assets.xcassets */,
				24AF3B391F0A93680098152A /* LaunchScreen.storyboard */,
				24AF3B3D1F0A93680098152A /* Info.plist */,
			);
			path = Resources;
			sourceTree = "<group>";
		};
/* End PBXGroup section */

/* Begin PBXNativeTarget section */
		24AF3AFE1F0A917C0098152A /* todo */ = {
			isa = PBXNativeTarget;
			buildConfigurationList = 24AF3B271F0A917C0098152A /* Build configuration list for PBXNativeTarget "todo" */;
			buildPhases = (
				24AF3AFB1F0A917C0098152A /* Sources */,
				24AF3AFC1F0A917C0098152A /* Frameworks */,
				24AF3AFD1F0A917C0098152A /* Resources */,
			);
			buildRules = (
			);
			dependencies = (
			);
			name = todo;
			productName = todo;
			productReference = 24AF3AFF1F0A917C0098152A /* todo.app */;
			productType = "com.apple.product-type.application";
		};
		24AF3B121F0A917C0098152A /* todoTests */ = {
			isa = PBXNativeTarget;
			buildConfigurationList = 24AF3B2A1F0A917C0098152A /* Build configuration list for PBXNativeTarget "todoTests" */;
			buildPhases = (
				24AF3B0F1F0A917C0098152A /* Sources */,
				24AF3B101F0A917C0098152A /* Frameworks */,
				24AF3B111F0A917C0098152A /* Resources */,
			);
			buildRules = (
			);
			dependencies = (
				24AF3B151F0A917C0098152A /* PBXTargetDependency */,
			);
			name = todoTests;
			productName = todoTests;
			productReference = 24AF3B131F0A917C0098152A /* todoTests.xctest */;
			productType = "com.apple.product-type.bundle.unit-test";
		};
		24AF3B1D1F0A917C0098152A /* todoUITests */ = {
			isa = PBXNativeTarget;
			buildConfigurationList = 24AF3B2D1F0A917C0098152A /* Build configuration list for PBXNativeTarget "todoUITests" */;
			buildPhases = (
				24AF3B1A1F0A917C0098152A /* Sources */,
				24AF3B1B1F0A917C0098152A /* Frameworks */,
				24AF3B1C1F0A917C0098152A /* Resources */,
			);
			buildRules = (
			);
			dependencies = (
				24AF3B201F0A917C0098152A /* PBXTargetDependency */,
			);
			name = todoUITests;
			productName = todoUITests;
			productReference = 24AF3B1E1F0A917C0098152A /* todoUITests.xctest */;
			productType = "com.apple.product-type.bundle.ui-testing";
		};
/* End PBXNativeTarget section */

/* Begin PBXProject section */
		24AF3AF71F0A917C0098152A /* Project object */ = {
			isa = PBXProject;
			attributes = {
				LastSwiftUpdateCheck = 0900;
				LastUpgradeCheck = 0900;
				ORGANIZATIONNAME = Ekko;
				TargetAttributes = {
					24AF3AFE1F0A917C0098152A = {
						CreatedOnToolsVersion = 9.0;
					};
					24AF3B121F0A917C0098152A = {
						CreatedOnToolsVersion = 9.0;
						TestTargetID = 24AF3AFE1F0A917C0098152A;
					};
					24AF3B1D1F0A917C0098152A = {
						CreatedOnToolsVersion = 9.0;
						TestTargetID = 24AF3AFE1F0A917C0098152A;
					};
				};
			};
			buildConfigurationList = 24AF3AFA1F0A917C0098152A /* Build configuration list for PBXProject "todo" */;
			compatibilityVersion = "Xcode 8.0";
			developmentRegion = en;
			hasScannedForEncodings = 0;
			knownRegions = (
				en,
				Base,
			);
			mainGroup = 24AF3AF61F0A917C0098152A;
			productRefGroup = 24AF3B001F0A917C0098152A /* Products */;
			projectDirPath = "";
			projectRoot = "";
			targets = (
				24AF3AFE1F0A917C0098152A /* todo */,
				24AF3B121F0A917C0098152A /* todoTests */,
				24AF3B1D1F0A917C0098152A /* todoUITests */,
			);
		};
/* End PBXProject section */

/* Begin PBXResourcesBuildPhase section */
		24AF3AFD1F0A917C0098152A /* Resources */ = {
			isa = PBXResourcesBuildPhase;
			buildActionMask = 2147483647;
			files = (
				BDCFDC371F0B99DB006706A8 /* LaunchScreen.storyboard in Resources */,
				BDCFDC3A1F0B9A1D006706A8 /* test.png in Resources */,
			);
			runOnlyForDeploymentPostprocessing = 0;
		};
		24AF3B111F0A917C0098152A /* Resources */ = {
			isa = PBXResourcesBuildPhase;
			buildActionMask = 2147483647;
			files = (
			);
			runOnlyForDeploymentPostprocessing = 0;
		};
		24AF3B1C1F0A917C0098152A /* Resources */ = {
			isa = PBXResourcesBuildPhase;
			buildActionMask = 2147483647;
			files = (
			);
			runOnlyForDeploymentPostprocessing = 0;
		};
/* End PBXResourcesBuildPhase section */

/* Begin PBXSourcesBuildPhase section */
		24AF3AFB1F0A917C0098152A /* Sources */ = {
			isa = PBXSourcesBuildPhase;
			buildActionMask = 2147483647;
			files = (
				24AF3B421F0A93E50098152A /* TDBaseViewController.swift in Sources */,
				24AF3B3E1F0A93950098152A /* AppDelegate.swift in Sources */,
				24AF3B401F0A93CD0098152A /* TDNavigationController.swift in Sources */,
			);
			runOnlyForDeploymentPostprocessing = 0;
		};
		24AF3B0F1F0A917C0098152A /* Sources */ = {
			isa = PBXSourcesBuildPhase;
			buildActionMask = 2147483647;
			files = (
				24AF3B181F0A917C0098152A /* todoTests.swift in Sources */,
			);
			runOnlyForDeploymentPostprocessing = 0;
		};
		24AF3B1A1F0A917C0098152A /* Sources */ = {
			isa = PBXSourcesBuildPhase;
			buildActionMask = 2147483647;
			files = (
				24AF3B231F0A917C0098152A /* todoUITests.swift in Sources */,
			);
			runOnlyForDeploymentPostprocessing = 0;
		};
/* End PBXSourcesBuildPhase section */

/* Begin PBXTargetDependency section */
		24AF3B151F0A917C0098152A /* PBXTargetDependency */ = {
			isa = PBXTargetDependency;
			target = 24AF3AFE1F0A917C0098152A /* todo */;
			targetProxy = 24AF3B141F0A917C0098152A /* PBXContainerItemProxy */;
		};
		24AF3B201F0A917C0098152A /* PBXTargetDependency */ = {
			isa = PBXTargetDependency;
			target = 24AF3AFE1F0A917C0098152A /* todo */;
			targetProxy = 24AF3B1F1F0A917C0098152A /* PBXContainerItemProxy */;
		};
/* End PBXTargetDependency section */

/* Begin PBXVariantGroup section */
		24AF3B391F0A93680098152A /* LaunchScreen.storyboard */ = {
			isa = PBXVariantGroup;
			children = (
				24AF3B3A1F0A93680098152A /* Base */,
			);
			name = LaunchScreen.storyboard;
			sourceTree = "<group>";
		};
/* End PBXVariantGroup section */

/* Begin XCBuildConfiguration section */
		24AF3B251F0A917C0098152A /* Debug */ = {
			isa = XCBuildConfiguration;
			buildSettings = {
				ALWAYS_SEARCH_USER_PATHS = NO;
				CLANG_ANALYZER_NONNULL = YES;
				CLANG_ANALYZER_NUMBER_OBJECT_CONVERSION = YES_AGGRESSIVE;
				CLANG_CXX_LANGUAGE_STANDARD = "gnu++14";
				CLANG_CXX_LIBRARY = "libc++";
				CLANG_ENABLE_MODULES = YES;
				CLANG_ENABLE_OBJC_ARC = YES;
				CLANG_WARN_BLOCK_CAPTURE_AUTORELEASING = YES;
				CLANG_WARN_BOOL_CONVERSION = YES;
				CLANG_WARN_COMMA = YES;
				CLANG_WARN_CONSTANT_CONVERSION = YES;
				CLANG_WARN_DIRECT_OBJC_ISA_USAGE = YES_ERROR;
				CLANG_WARN_DOCUMENTATION_COMMENTS = YES;
				CLANG_WARN_EMPTY_BODY = YES;
				CLANG_WARN_ENUM_CONVERSION = YES;
				CLANG_WARN_INFINITE_RECURSION = YES;
				CLANG_WARN_INT_CONVERSION = YES;
				CLANG_WARN_OBJC_ROOT_CLASS = YES_ERROR;
				CLANG_WARN_RANGE_LOOP_ANALYSIS = YES;
				CLANG_WARN_STRICT_PROTOTYPES = YES;
				CLANG_WARN_SUSPICIOUS_MOVE = YES;
				CLANG_WARN_UNGUARDED_AVAILABILITY = YES_AGGRESSIVE;
				CLANG_WARN_UNREACHABLE_CODE = YES;
				CLANG_WARN__DUPLICATE_METHOD_MATCH = YES;
				CODE_SIGN_IDENTITY = "iPhone Developer";
				COPY_PHASE_STRIP = NO;
				DEBUG_INFORMATION_FORMAT = dwarf;
				ENABLE_STRICT_OBJC_MSGSEND = YES;
				ENABLE_TESTABILITY = YES;
				GCC_C_LANGUAGE_STANDARD = gnu11;
				GCC_DYNAMIC_NO_PIC = NO;
				GCC_NO_COMMON_BLOCKS = YES;
				GCC_OPTIMIZATION_LEVEL = 0;
				GCC_PREPROCESSOR_DEFINITIONS = (
					"DEBUG=1",
					"$(inherited)",
				);
				GCC_WARN_64_TO_32_BIT_CONVERSION = YES;
				GCC_WARN_ABOUT_RETURN_TYPE = YES_ERROR;
				GCC_WARN_UNDECLARED_SELECTOR = YES;
				GCC_WARN_UNINITIALIZED_AUTOS = YES_AGGRESSIVE;
				GCC_WARN_UNUSED_FUNCTION = YES;
				GCC_WARN_UNUSED_VARIABLE = YES;
				IPHONEOS_DEPLOYMENT_TARGET = 8.0;
				MTL_ENABLE_DEBUG_INFO = YES;
				ONLY_ACTIVE_ARCH = YES;
				SDKROOT = iphoneos;
				SWIFT_ACTIVE_COMPILATION_CONDITIONS = DEBUG;
				SWIFT_OPTIMIZATION_LEVEL = "-Onone";
				SWIFT_VERSION = 3.0;
			};
			name = Debug;
		};
		24AF3B261F0A917C0098152A /* Release */ = {
			isa = XCBuildConfiguration;
			buildSettings = {
				ALWAYS_SEARCH_USER_PATHS = NO;
				CLANG_ANALYZER_NONNULL = YES;
				CLANG_ANALYZER_NUMBER_OBJECT_CONVERSION = YES_AGGRESSIVE;
				CLANG_CXX_LANGUAGE_STANDARD = "gnu++14";
				CLANG_CXX_LIBRARY = "libc++";
				CLANG_ENABLE_MODULES = YES;
				CLANG_ENABLE_OBJC_ARC = YES;
				CLANG_WARN_BLOCK_CAPTURE_AUTORELEASING = YES;
				CLANG_WARN_BOOL_CONVERSION = YES;
				CLANG_WARN_COMMA = YES;
				CLANG_WARN_CONSTANT_CONVERSION = YES;
				CLANG_WARN_DIRECT_OBJC_ISA_USAGE = YES_ERROR;
				CLANG_WARN_DOCUMENTATION_COMMENTS = YES;
				CLANG_WARN_EMPTY_BODY = YES;
				CLANG_WARN_ENUM_CONVERSION = YES;
				CLANG_WARN_INFINITE_RECURSION = YES;
				CLANG_WARN_INT_CONVERSION = YES;
				CLANG_WARN_OBJC_ROOT_CLASS = YES_ERROR;
				CLANG_WARN_RANGE_LOOP_ANALYSIS = YES;
				CLANG_WARN_STRICT_PROTOTYPES = YES;
				CLANG_WARN_SUSPICIOUS_MOVE = YES;
				CLANG_WARN_UNGUARDED_AVAILABILITY = YES_AGGRESSIVE;
				CLANG_WARN_UNREACHABLE_CODE = YES;
				CLANG_WARN__DUPLICATE_METHOD_MATCH = YES;
				CODE_SIGN_IDENTITY = "iPhone Developer";
				COPY_PHASE_STRIP = NO;
				DEBUG_INFORMATION_FORMAT = "dwarf-with-dsym";
				ENABLE_NS_ASSERTIONS = NO;
				ENABLE_STRICT_OBJC_MSGSEND = YES;
				GCC_C_LANGUAGE_STANDARD = gnu11;
				GCC_NO_COMMON_BLOCKS = YES;
				GCC_WARN_64_TO_32_BIT_CONVERSION = YES;
				GCC_WARN_ABOUT_RETURN_TYPE = YES_ERROR;
				GCC_WARN_UNDECLARED_SELECTOR = YES;
				GCC_WARN_UNINITIALIZED_AUTOS = YES_AGGRESSIVE;
				GCC_WARN_UNUSED_FUNCTION = YES;
				GCC_WARN_UNUSED_VARIABLE = YES;
				IPHONEOS_DEPLOYMENT_TARGET = 8.0;
				MTL_ENABLE_DEBUG_INFO = NO;
				SDKROOT = iphoneos;
				SWIFT_OPTIMIZATION_LEVEL = "-Owholemodule";
				SWIFT_VERSION = 3.0;
				VALIDATE_PRODUCT = YES;
			};
			name = Release;
		};
		24AF3B281F0A917C0098152A /* Debug */ = {
			isa = XCBuildConfiguration;
			buildSettings = {
				ASSETCATALOG_COMPILER_APPICON_NAME = AppIcon;
				ASSETCATALOG_COMPILER_LAUNCHIMAGE_NAME = LaunchImage;
				DEVELOPMENT_TEAM = S2XPY7G7HH;
				INFOPLIST_FILE = "$(SRCROOT)/todo/Resources/Info.plist";
				IPHONEOS_DEPLOYMENT_TARGET = 8.0;
				LD_RUNPATH_SEARCH_PATHS = "$(inherited) @executable_path/Frameworks";
				PRODUCT_BUNDLE_IDENTIFIER = com.HuangZhen.todo;
				PRODUCT_NAME = "$(TARGET_NAME)";
				SWIFT_VERSION = 3.0;
				TARGETED_DEVICE_FAMILY = "1,2";
			};
			name = Debug;
		};
		24AF3B291F0A917C0098152A /* Release */ = {
			isa = XCBuildConfiguration;
			buildSettings = {
				ASSETCATALOG_COMPILER_APPICON_NAME = AppIcon;
				ASSETCATALOG_COMPILER_LAUNCHIMAGE_NAME = LaunchImage;
				DEVELOPMENT_TEAM = S2XPY7G7HH;
				INFOPLIST_FILE = "$(SRCROOT)/todo/Resources/Info.plist";
				IPHONEOS_DEPLOYMENT_TARGET = 8.0;
				LD_RUNPATH_SEARCH_PATHS = "$(inherited) @executable_path/Frameworks";
				PRODUCT_BUNDLE_IDENTIFIER = com.HuangZhen.todo;
				PRODUCT_NAME = "$(TARGET_NAME)";
				SWIFT_VERSION = 3.0;
				TARGETED_DEVICE_FAMILY = "1,2";
			};
			name = Release;
		};
		24AF3B2B1F0A917C0098152A /* Debug */ = {
			isa = XCBuildConfiguration;
			buildSettings = {
				ALWAYS_EMBED_SWIFT_STANDARD_LIBRARIES = YES;
				BUNDLE_LOADER = "$(TEST_HOST)";
				INFOPLIST_FILE = todoTests/Info.plist;
				LD_RUNPATH_SEARCH_PATHS = "$(inherited) @executable_path/Frameworks @loader_path/Frameworks";
				PRODUCT_BUNDLE_IDENTIFIER = com.HuangZhen.todoTests;
				PRODUCT_NAME = "$(TARGET_NAME)";
				SWIFT_VERSION = 3.0;
				TARGETED_DEVICE_FAMILY = "1,2";
				TEST_HOST = "$(BUILT_PRODUCTS_DIR)/todo.app/todo";
			};
			name = Debug;
		};
		24AF3B2C1F0A917C0098152A /* Release */ = {
			isa = XCBuildConfiguration;
			buildSettings = {
				ALWAYS_EMBED_SWIFT_STANDARD_LIBRARIES = YES;
				BUNDLE_LOADER = "$(TEST_HOST)";
				INFOPLIST_FILE = todoTests/Info.plist;
				LD_RUNPATH_SEARCH_PATHS = "$(inherited) @executable_path/Frameworks @loader_path/Frameworks";
				PRODUCT_BUNDLE_IDENTIFIER = com.HuangZhen.todoTests;
				PRODUCT_NAME = "$(TARGET_NAME)";
				SWIFT_VERSION = 3.0;
				TARGETED_DEVICE_FAMILY = "1,2";
				TEST_HOST = "$(BUILT_PRODUCTS_DIR)/todo.app/todo";
			};
			name = Release;
		};
		24AF3B2E1F0A917C0098152A /* Debug */ = {
			isa = XCBuildConfiguration;
			buildSettings = {
				ALWAYS_EMBED_SWIFT_STANDARD_LIBRARIES = YES;
				INFOPLIST_FILE = todoUITests/Info.plist;
				LD_RUNPATH_SEARCH_PATHS = "$(inherited) @executable_path/Frameworks @loader_path/Frameworks";
				PRODUCT_BUNDLE_IDENTIFIER = com.HuangZhen.todoUITests;
				PRODUCT_NAME = "$(TARGET_NAME)";
				SWIFT_VERSION = 3.0;
				TARGETED_DEVICE_FAMILY = "1,2";
				TEST_TARGET_NAME = todo;
			};
			name = Debug;
		};
		24AF3B2F1F0A917C0098152A /* Release */ = {
			isa = XCBuildConfiguration;
			buildSettings = {
				ALWAYS_EMBED_SWIFT_STANDARD_LIBRARIES = YES;
				INFOPLIST_FILE = todoUITests/Info.plist;
				LD_RUNPATH_SEARCH_PATHS = "$(inherited) @executable_path/Frameworks @loader_path/Frameworks";
				PRODUCT_BUNDLE_IDENTIFIER = com.HuangZhen.todoUITests;
				PRODUCT_NAME = "$(TARGET_NAME)";
				SWIFT_VERSION = 3.0;
				TARGETED_DEVICE_FAMILY = "1,2";
				TEST_TARGET_NAME = todo;
			};
			name = Release;
		};
/* End XCBuildConfiguration section */

/* Begin XCConfigurationList section */
		24AF3AFA1F0A917C0098152A /* Build configuration list for PBXProject "todo" */ = {
			isa = XCConfigurationList;
			buildConfigurations = (
				24AF3B251F0A917C0098152A /* Debug */,
				24AF3B261F0A917C0098152A /* Release */,
			);
			defaultConfigurationIsVisible = 0;
			defaultConfigurationName = Release;
		};
		24AF3B271F0A917C0098152A /* Build configuration list for PBXNativeTarget "todo" */ = {
			isa = XCConfigurationList;
			buildConfigurations = (
				24AF3B281F0A917C0098152A /* Debug */,
				24AF3B291F0A917C0098152A /* Release */,
			);
			defaultConfigurationIsVisible = 0;
			defaultConfigurationName = Release;
		};
		24AF3B2A1F0A917C0098152A /* Build configuration list for PBXNativeTarget "todoTests" */ = {
			isa = XCConfigurationList;
			buildConfigurations = (
				24AF3B2B1F0A917C0098152A /* Debug */,
				24AF3B2C1F0A917C0098152A /* Release */,
			);
			defaultConfigurationIsVisible = 0;
			defaultConfigurationName = Release;
		};
		24AF3B2D1F0A917C0098152A /* Build configuration list for PBXNativeTarget "todoUITests" */ = {
			isa = XCConfigurationList;
			buildConfigurations = (
				24AF3B2E1F0A917C0098152A /* Debug */,
				24AF3B2F1F0A917C0098152A /* Release */,
			);
			defaultConfigurationIsVisible = 0;
			defaultConfigurationName = Release;
		};
/* End XCConfigurationList section */
	};
	rootObject = 24AF3AF71F0A917C0098152A /* Project object */;
}
